// !$*UTF8*$!
{
	archiveVersion = 1;
	classes = {
	};
	objectVersion = 46;
	objects = {

/* Begin PBXBuildFile section */
		888D2A681EE62309002E3710 /* AppDelegate.swift in Sources */ = {isa = PBXBuildFile; fileRef = 888D2A671EE62309002E3710 /* AppDelegate.swift */; };
		888D2A6A1EE62309002E3710 /* ViewController.swift in Sources */ = {isa = PBXBuildFile; fileRef = 888D2A691EE62309002E3710 /* ViewController.swift */; };
		888D2A6D1EE62309002E3710 /* Main.storyboard in Resources */ = {isa = PBXBuildFile; fileRef = 888D2A6B1EE62309002E3710 /* Main.storyboard */; };
		888D2A6F1EE62309002E3710 /* Assets.xcassets in Resources */ = {isa = PBXBuildFile; fileRef = 888D2A6E1EE62309002E3710 /* Assets.xcassets */; };
		888D2A721EE62309002E3710 /* LaunchScreen.storyboard in Resources */ = {isa = PBXBuildFile; fileRef = 888D2A701EE62309002E3710 /* LaunchScreen.storyboard */; };
		888D2A7D1EE62309002E3710 /* TestProjectTests.swift in Sources */ = {isa = PBXBuildFile; fileRef = 888D2A7C1EE62309002E3710 /* TestProjectTests.swift */; };
		888D2A881EE62309002E3710 /* TestProjectUITests.swift in Sources */ = {isa = PBXBuildFile; fileRef = 888D2A871EE62309002E3710 /* TestProjectUITests.swift */; };
/* End PBXBuildFile section */

/* Begin PBXContainerItemProxy section */
		888D2A791EE62309002E3710 /* PBXContainerItemProxy */ = {
			isa = PBXContainerItemProxy;
			containerPortal = 888D2A5C1EE62309002E3710 /* Project object */;
			proxyType = 1;
			remoteGlobalIDString = 888D2A631EE62309002E3710;
			remoteInfo = TestProject;
		};
		888D2A841EE62309002E3710 /* PBXContainerItemProxy */ = {
			isa = PBXContainerItemProxy;
			containerPortal = 888D2A5C1EE62309002E3710 /* Project object */;
			proxyType = 1;
			remoteGlobalIDString = 888D2A631EE62309002E3710;
			remoteInfo = TestProject;
		};
/* End PBXContainerItemProxy section */

/* Begin PBXFileReference section */
		888D2A641EE62309002E3710 /* TestProject.app */ = {isa = PBXFileReference; explicitFileType = wrapper.application; includeInIndex = 0; path = TestProject.app; sourceTree = BUILT_PRODUCTS_DIR; };
		888D2A671EE62309002E3710 /* AppDelegate.swift */ = {isa = PBXFileReference; lastKnownFileType = sourcecode.swift; path = AppDelegate.swift; sourceTree = "<group>"; };
		888D2A691EE62309002E3710 /* ViewController.swift */ = {isa = PBXFileReference; lastKnownFileType = sourcecode.swift; path = ViewController.swift; sourceTree = "<group>"; };
		888D2A6C1EE62309002E3710 /* Base */ = {isa = PBXFileReference; lastKnownFileType = file.storyboard; name = Base; path = Base.lproj/Main.storyboard; sourceTree = "<group>"; };
		888D2A6E1EE62309002E3710 /* Assets.xcassets */ = {isa = PBXFileReference; lastKnownFileType = folder.assetcatalog; path = Assets.xcassets; sourceTree = "<group>"; };
		888D2A711EE62309002E3710 /* Base */ = {isa = PBXFileReference; lastKnownFileType = file.storyboard; name = Base; path = Base.lproj/LaunchScreen.storyboard; sourceTree = "<group>"; };
		888D2A731EE62309002E3710 /* Info.plist */ = {isa = PBXFileReference; lastKnownFileType = text.plist.xml; path = Info.plist; sourceTree = "<group>"; };
		888D2A781EE62309002E3710 /* TestProjectTests.xctest */ = {isa = PBXFileReference; explicitFileType = wrapper.cfbundle; includeInIndex = 0; path = TestProjectTests.xctest; sourceTree = BUILT_PRODUCTS_DIR; };
		888D2A7C1EE62309002E3710 /* TestProjectTests.swift */ = {isa = PBXFileReference; lastKnownFileType = sourcecode.swift; path = TestProjectTests.swift; sourceTree = "<group>"; };
		888D2A7E1EE62309002E3710 /* Info.plist */ = {isa = PBXFileReference; lastKnownFileType = text.plist.xml; path = Info.plist; sourceTree = "<group>"; };
		888D2A831EE62309002E3710 /* TestProjectUITests.xctest */ = {isa = PBXFileReference; explicitFileType = wrapper.cfbundle; includeInIndex = 0; path = TestProjectUITests.xctest; sourceTree = BUILT_PRODUCTS_DIR; };
		888D2A871EE62309002E3710 /* TestProjectUITests.swift */ = {isa = PBXFileReference; lastKnownFileType = sourcecode.swift; path = TestProjectUITests.swift; sourceTree = "<group>"; };
		888D2A891EE62309002E3710 /* Info.plist */ = {isa = PBXFileReference; lastKnownFileType = text.plist.xml; path = Info.plist; sourceTree = "<group>"; };
/* End PBXFileReference section */

/* Begin PBXFrameworksBuildPhase section */
		888D2A611EE62309002E3710 /* Frameworks */ = {
			isa = PBXFrameworksBuildPhase;
			buildActionMask = 2147483647;
			files = (
			);
			runOnlyForDeploymentPostprocessing = 0;
		};
		888D2A751EE62309002E3710 /* Frameworks */ = {
			isa = PBXFrameworksBuildPhase;
			buildActionMask = 2147483647;
			files = (
			);
			runOnlyForDeploymentPostprocessing = 0;
		};
		888D2A801EE62309002E3710 /* Frameworks */ = {
			isa = PBXFrameworksBuildPhase;
			buildActionMask = 2147483647;
			files = (
			);
			runOnlyForDeploymentPostprocessing = 0;
		};
/* End PBXFrameworksBuildPhase section */

/* Begin PBXGroup section */
		888D2A5B1EE62309002E3710 = {
			isa = PBXGroup;
			children = (
				888D2A661EE62309002E3710 /* TestProject */,
				888D2A7B1EE62309002E3710 /* TestProjectTests */,
				888D2A861EE62309002E3710 /* TestProjectUITests */,
				888D2A651EE62309002E3710 /* Products */,
			);
			sourceTree = "<group>";
		};
		888D2A651EE62309002E3710 /* Products */ = {
			isa = PBXGroup;
			children = (
				888D2A641EE62309002E3710 /* TestProject.app */,
				888D2A781EE62309002E3710 /* TestProjectTests.xctest */,
				888D2A831EE62309002E3710 /* TestProjectUITests.xctest */,
			);
			name = Products;
			sourceTree = "<group>";
		};
		888D2A661EE62309002E3710 /* TestProject */ = {
			isa = PBXGroup;
			children = (
				888D2A671EE62309002E3710 /* AppDelegate.swift */,
				888D2A691EE62309002E3710 /* ViewController.swift */,
				888D2A6B1EE62309002E3710 /* Main.storyboard */,
				888D2A6E1EE62309002E3710 /* Assets.xcassets */,
				888D2A701EE62309002E3710 /* LaunchScreen.storyboard */,
				888D2A731EE62309002E3710 /* Info.plist */,
			);
			path = TestProject;
			sourceTree = "<group>";
		};
		888D2A7B1EE62309002E3710 /* TestProjectTests */ = {
			isa = PBXGroup;
			children = (
				888D2A7C1EE62309002E3710 /* TestProjectTests.swift */,
				888D2A7E1EE62309002E3710 /* Info.plist */,
			);
			path = TestProjectTests;
			sourceTree = "<group>";
		};
		888D2A861EE62309002E3710 /* TestProjectUITests */ = {
			isa = PBXGroup;
			children = (
				888D2A871EE62309002E3710 /* TestProjectUITests.swift */,
				888D2A891EE62309002E3710 /* Info.plist */,
			);
			path = TestProjectUITests;
			sourceTree = "<group>";
		};
/* End PBXGroup section */

/* Begin PBXNativeTarget section */
		888D2A631EE62309002E3710 /* TestProject */ = {
			isa = PBXNativeTarget;
			buildConfigurationList = 888D2A8C1EE62309002E3710 /* Build configuration list for PBXNativeTarget "TestProject" */;
			buildPhases = (
				888D2A601EE62309002E3710 /* Sources */,
				888D2A611EE62309002E3710 /* Frameworks */,
				888D2A621EE62309002E3710 /* Resources */,
			);
			buildRules = (
			);
			dependencies = (
			);
			name = TestProject;
			productName = TestProject;
			productReference = 888D2A641EE62309002E3710 /* TestProject.app */;
			productType = "com.apple.product-type.application";
		};
		888D2A771EE62309002E3710 /* TestProjectTests */ = {
			isa = PBXNativeTarget;
			buildConfigurationList = 888D2A8F1EE62309002E3710 /* Build configuration list for PBXNativeTarget "TestProjectTests" */;
			buildPhases = (
				888D2A741EE62309002E3710 /* Sources */,
				888D2A751EE62309002E3710 /* Frameworks */,
				888D2A761EE62309002E3710 /* Resources */,
			);
			buildRules = (
			);
			dependencies = (
				888D2A7A1EE62309002E3710 /* PBXTargetDependency */,
			);
			name = TestProjectTests;
			productName = TestProjectTests;
			productReference = 888D2A781EE62309002E3710 /* TestProjectTests.xctest */;
			productType = "com.apple.product-type.bundle.unit-test";
		};
		888D2A821EE62309002E3710 /* TestProjectUITests */ = {
			isa = PBXNativeTarget;
			buildConfigurationList = 888D2A921EE62309002E3710 /* Build configuration list for PBXNativeTarget "TestProjectUITests" */;
			buildPhases = (
				888D2A7F1EE62309002E3710 /* Sources */,
				888D2A801EE62309002E3710 /* Frameworks */,
				888D2A811EE62309002E3710 /* Resources */,
			);
			buildRules = (
			);
			dependencies = (
				888D2A851EE62309002E3710 /* PBXTargetDependency */,
			);
			name = TestProjectUITests;
			productName = TestProjectUITests;
			productReference = 888D2A831EE62309002E3710 /* TestProjectUITests.xctest */;
			productType = "com.apple.product-type.bundle.ui-testing";
		};
/* End PBXNativeTarget section */

/* Begin PBXProject section */
		888D2A5C1EE62309002E3710 /* Project object */ = {
			isa = PBXProject;
			attributes = {
				LastSwiftUpdateCheck = 0830;
				LastUpgradeCheck = 0830;
				ORGANIZATIONNAME = "Simon Xu";
				TargetAttributes = {
					888D2A631EE62309002E3710 = {
						CreatedOnToolsVersion = 8.3.2;
						ProvisioningStyle = Automatic;
					};
					888D2A771EE62309002E3710 = {
						CreatedOnToolsVersion = 8.3.2;
						ProvisioningStyle = Automatic;
						TestTargetID = 888D2A631EE62309002E3710;
					};
					888D2A821EE62309002E3710 = {
						CreatedOnToolsVersion = 8.3.2;
						ProvisioningStyle = Automatic;
						TestTargetID = 888D2A631EE62309002E3710;
					};
				};
			};
			buildConfigurationList = 888D2A5F1EE62309002E3710 /* Build configuration list for PBXProject "TestProject" */;
			compatibilityVersion = "Xcode 3.2";
			developmentRegion = English;
			hasScannedForEncodings = 0;
			knownRegions = (
				en,
				Base,
			);
			mainGroup = 888D2A5B1EE62309002E3710;
			productRefGroup = 888D2A651EE62309002E3710 /* Products */;
			projectDirPath = "";
			projectRoot = "";
			targets = (
				888D2A631EE62309002E3710 /* TestProject */,
				888D2A771EE62309002E3710 /* TestProjectTests */,
				888D2A821EE62309002E3710 /* TestProjectUITests */,
			);
		};
/* End PBXProject section */

/* Begin PBXResourcesBuildPhase section */
		888D2A621EE62309002E3710 /* Resources */ = {
			isa = PBXResourcesBuildPhase;
			buildActionMask = 2147483647;
			files = (
				888D2A721EE62309002E3710 /* LaunchScreen.storyboard in Resources */,
				888D2A6F1EE62309002E3710 /* Assets.xcassets in Resources */,
				888D2A6D1EE62309002E3710 /* Main.storyboard in Resources */,
			);
			runOnlyForDeploymentPostprocessing = 0;
		};
		888D2A761EE62309002E3710 /* Resources */ = {
			isa = PBXResourcesBuildPhase;
			buildActionMask = 2147483647;
			files = (
			);
			runOnlyForDeploymentPostprocessing = 0;
		};
		888D2A811EE62309002E3710 /* Resources */ = {
			isa = PBXResourcesBuildPhase;
			buildActionMask = 2147483647;
			files = (
			);
			runOnlyForDeploymentPostprocessing = 0;
		};
/* End PBXResourcesBuildPhase section */

/* Begin PBXSourcesBuildPhase section */
		888D2A601EE62309002E3710 /* Sources */ = {
			isa = PBXSourcesBuildPhase;
			buildActionMask = 2147483647;
			files = (
				888D2A6A1EE62309002E3710 /* ViewController.swift in Sources */,
				888D2A681EE62309002E3710 /* AppDelegate.swift in Sources */,
			);
			runOnlyForDeploymentPostprocessing = 0;
		};
		888D2A741EE62309002E3710 /* Sources */ = {
			isa = PBXSourcesBuildPhase;
			buildActionMask = 2147483647;
			files = (
				888D2A7D1EE62309002E3710 /* TestProjectTests.swift in Sources */,
			);
			runOnlyForDeploymentPostprocessing = 0;
		};
		888D2A7F1EE62309002E3710 /* Sources */ = {
			isa = PBXSourcesBuildPhase;
			buildActionMask = 2147483647;
			files = (
				888D2A881EE62309002E3710 /* TestProjectUITests.swift in Sources */,
			);
			runOnlyForDeploymentPostprocessing = 0;
		};
/* End PBXSourcesBuildPhase section */

/* Begin PBXTargetDependency section */
		888D2A7A1EE62309002E3710 /* PBXTargetDependency */ = {
			isa = PBXTargetDependency;
			target = 888D2A631EE62309002E3710 /* TestProject */;
			targetProxy = 888D2A791EE62309002E3710 /* PBXContainerItemProxy */;
		};
		888D2A851EE62309002E3710 /* PBXTargetDependency */ = {
			isa = PBXTargetDependency;
			target = 888D2A631EE62309002E3710 /* TestProject */;
			targetProxy = 888D2A841EE62309002E3710 /* PBXContainerItemProxy */;
		};
/* End PBXTargetDependency section */

/* Begin PBXVariantGroup section */
		888D2A6B1EE62309002E3710 /* Main.storyboard */ = {
			isa = PBXVariantGroup;
			children = (
				888D2A6C1EE62309002E3710 /* Base */,
			);
			name = Main.storyboard;
			sourceTree = "<group>";
		};
		888D2A701EE62309002E3710 /* LaunchScreen.storyboard */ = {
			isa = PBXVariantGroup;
			children = (
				888D2A711EE62309002E3710 /* Base */,
			);
			name = LaunchScreen.storyboard;
			sourceTree = "<group>";
		};
/* End PBXVariantGroup section */

/* Begin XCBuildConfiguration section */
		888D2A8A1EE62309002E3710 /* Debug */ = {
			isa = XCBuildConfiguration;
			buildSettings = {
				ALWAYS_SEARCH_USER_PATHS = NO;
				CLANG_ANALYZER_NONNULL = YES;
				CLANG_ANALYZER_NUMBER_OBJECT_CONVERSION = YES_AGGRESSIVE;
				CLANG_CXX_LANGUAGE_STANDARD = "gnu++0x";
				CLANG_CXX_LIBRARY = "libc++";
				CLANG_ENABLE_MODULES = YES;
				CLANG_ENABLE_OBJC_ARC = YES;
				CLANG_WARN_BOOL_CONVERSION = YES;
				CLANG_WARN_CONSTANT_CONVERSION = YES;
				CLANG_WARN_DIRECT_OBJC_ISA_USAGE = YES_ERROR;
				CLANG_WARN_DOCUMENTATION_COMMENTS = YES;
				CLANG_WARN_EMPTY_BODY = YES;
				CLANG_WARN_ENUM_CONVERSION = YES;
				CLANG_WARN_INFINITE_RECURSION = YES;
				CLANG_WARN_INT_CONVERSION = YES;
				CLANG_WARN_OBJC_ROOT_CLASS = YES_ERROR;
				CLANG_WARN_SUSPICIOUS_MOVE = YES;
				CLANG_WARN_UNREACHABLE_CODE = YES;
				CLANG_WARN__DUPLICATE_METHOD_MATCH = YES;
				"CODE_SIGN_IDENTITY[sdk=iphoneos*]" = "iPhone Developer";
				COPY_PHASE_STRIP = NO;
				DEBUG_INFORMATION_FORMAT = dwarf;
				ENABLE_STRICT_OBJC_MSGSEND = YES;
				ENABLE_TESTABILITY = YES;
				GCC_C_LANGUAGE_STANDARD = gnu99;
				GCC_DYNAMIC_NO_PIC = NO;
				GCC_NO_COMMON_BLOCKS = YES;
				GCC_OPTIMIZATION_LEVEL = 0;
				GCC_PREPROCESSOR_DEFINITIONS = (
					"DEBUG=1",
					"$(inherited)",
				);
				GCC_WARN_64_TO_32_BIT_CONVERSION = YES;
				GCC_WARN_ABOUT_RETURN_TYPE = YES_ERROR;
				GCC_WARN_UNDECLARED_SELECTOR = YES;
				GCC_WARN_UNINITIALIZED_AUTOS = YES_AGGRESSIVE;
				GCC_WARN_UNUSED_FUNCTION = YES;
				GCC_WARN_UNUSED_VARIABLE = YES;
				IPHONEOS_DEPLOYMENT_TARGET = 10.3;
				MTL_ENABLE_DEBUG_INFO = YES;
				ONLY_ACTIVE_ARCH = YES;
				SDKROOT = iphoneos;
				SWIFT_ACTIVE_COMPILATION_CONDITIONS = DEBUG;
				SWIFT_OPTIMIZATION_LEVEL = "-Onone";
			};
			name = Debug;
		};
		888D2A8B1EE62309002E3710 /* Release */ = {
			isa = XCBuildConfiguration;
			buildSettings = {
				ALWAYS_SEARCH_USER_PATHS = NO;
				CLANG_ANALYZER_NONNULL = YES;
				CLANG_ANALYZER_NUMBER_OBJECT_CONVERSION = YES_AGGRESSIVE;
				CLANG_CXX_LANGUAGE_STANDARD = "gnu++0x";
				CLANG_CXX_LIBRARY = "libc++";
				CLANG_ENABLE_MODULES = YES;
				CLANG_ENABLE_OBJC_ARC = YES;
				CLANG_WARN_BOOL_CONVERSION = YES;
				CLANG_WARN_CONSTANT_CONVERSION = YES;
				CLANG_WARN_DIRECT_OBJC_ISA_USAGE = YES_ERROR;
				CLANG_WARN_DOCUMENTATION_COMMENTS = YES;
				CLANG_WARN_EMPTY_BODY = YES;
				CLANG_WARN_ENUM_CONVERSION = YES;
				CLANG_WARN_INFINITE_RECURSION = YES;
				CLANG_WARN_INT_CONVERSION = YES;
				CLANG_WARN_OBJC_ROOT_CLASS = YES_ERROR;
				CLANG_WARN_SUSPICIOUS_MOVE = YES;
				CLANG_WARN_UNREACHABLE_CODE = YES;
				CLANG_WARN__DUPLICATE_METHOD_MATCH = YES;
				"CODE_SIGN_IDENTITY[sdk=iphoneos*]" = "iPhone Developer";
				COPY_PHASE_STRIP = NO;
				DEBUG_INFORMATION_FORMAT = "dwarf-with-dsym";
				ENABLE_NS_ASSERTIONS = NO;
				ENABLE_STRICT_OBJC_MSGSEND = YES;
				GCC_C_LANGUAGE_STANDARD = gnu99;
				GCC_NO_COMMON_BLOCKS = YES;
				GCC_WARN_64_TO_32_BIT_CONVERSION = YES;
				GCC_WARN_ABOUT_RETURN_TYPE = YES_ERROR;
				GCC_WARN_UNDECLARED_SELECTOR = YES;
				GCC_WARN_UNINITIALIZED_AUTOS = YES_AGGRESSIVE;
				GCC_WARN_UNUSED_FUNCTION = YES;
				GCC_WARN_UNUSED_VARIABLE = YES;
				IPHONEOS_DEPLOYMENT_TARGET = 10.3;
				MTL_ENABLE_DEBUG_INFO = NO;
				SDKROOT = iphoneos;
				SWIFT_OPTIMIZATION_LEVEL = "-Owholemodule";
				VALIDATE_PRODUCT = YES;
			};
			name = Release;
		};
		888D2A8D1EE62309002E3710 /* Debug */ = {
			isa = XCBuildConfiguration;
			buildSettings = {
				ASSETCATALOG_COMPILER_APPICON_NAME = AppIcon;
				INFOPLIST_FILE = TestProject/Info.plist;
				LD_RUNPATH_SEARCH_PATHS = "$(inherited) @executable_path/Frameworks";
				PRODUCT_BUNDLE_IDENTIFIER = Personal.TestProject;
				PRODUCT_NAME = "$(TARGET_NAME)";
				SWIFT_VERSION = 3.0;
			};
			name = Debug;
		};
		888D2A8E1EE62309002E3710 /* Release */ = {
			isa = XCBuildConfiguration;
			buildSettings = {
				ASSETCATALOG_COMPILER_APPICON_NAME = AppIcon;
				INFOPLIST_FILE = TestProject/Info.plist;
				LD_RUNPATH_SEARCH_PATHS = "$(inherited) @executable_path/Frameworks";
				PRODUCT_BUNDLE_IDENTIFIER = Personal.TestProject;
				PRODUCT_NAME = "$(TARGET_NAME)";
				SWIFT_VERSION = 3.0;
			};
			name = Release;
		};
		888D2A901EE62309002E3710 /* Debug */ = {
			isa = XCBuildConfiguration;
			buildSettings = {
				ALWAYS_EMBED_SWIFT_STANDARD_LIBRARIES = YES;
				BUNDLE_LOADER = "$(TEST_HOST)";
				INFOPLIST_FILE = TestProjectTests/Info.plist;
				LD_RUNPATH_SEARCH_PATHS = "$(inherited) @executable_path/Frameworks @loader_path/Frameworks";
				PRODUCT_BUNDLE_IDENTIFIER = Personal.TestProjectTests;
				PRODUCT_NAME = "$(TARGET_NAME)";
				SWIFT_VERSION = 3.0;
				TEST_HOST = "$(BUILT_PRODUCTS_DIR)/TestProject.app/TestProject";
			};
			name = Debug;
		};
		888D2A911EE62309002E3710 /* Release */ = {
			isa = XCBuildConfiguration;
			buildSettings = {
				ALWAYS_EMBED_SWIFT_STANDARD_LIBRARIES = YES;
				BUNDLE_LOADER = "$(TEST_HOST)";
				INFOPLIST_FILE = TestProjectTests/Info.plist;
				LD_RUNPATH_SEARCH_PATHS = "$(inherited) @executable_path/Frameworks @loader_path/Frameworks";
				PRODUCT_BUNDLE_IDENTIFIER = Personal.TestProjectTests;
				PRODUCT_NAME = "$(TARGET_NAME)";
				SWIFT_VERSION = 3.0;
				TEST_HOST = "$(BUILT_PRODUCTS_DIR)/TestProject.app/TestProject";
			};
			name = Release;
		};
		888D2A931EE62309002E3710 /* Debug */ = {
			isa = XCBuildConfiguration;
			buildSettings = {
				ALWAYS_EMBED_SWIFT_STANDARD_LIBRARIES = YES;
				INFOPLIST_FILE = TestProjectUITests/Info.plist;
				LD_RUNPATH_SEARCH_PATHS = "$(inherited) @executable_path/Frameworks @loader_path/Frameworks";
				PRODUCT_BUNDLE_IDENTIFIER = Personal.TestProjectUITests;
				PRODUCT_NAME = "$(TARGET_NAME)";
				SWIFT_VERSION = 3.0;
				TEST_TARGET_NAME = TestProject;
			};
			name = Debug;
		};
		888D2A941EE62309002E3710 /* Release */ = {
			isa = XCBuildConfiguration;
			buildSettings = {
				ALWAYS_EMBED_SWIFT_STANDARD_LIBRARIES = YES;
				INFOPLIST_FILE = TestProjectUITests/Info.plist;
				LD_RUNPATH_SEARCH_PATHS = "$(inherited) @executable_path/Frameworks @loader_path/Frameworks";
				PRODUCT_BUNDLE_IDENTIFIER = Personal.TestProjectUITests;
				PRODUCT_NAME = "$(TARGET_NAME)";
				SWIFT_VERSION = 3.0;
				TEST_TARGET_NAME = TestProject;
			};
			name = Release;
		};
/* End XCBuildConfiguration section */

/* Begin XCConfigurationList section */
		888D2A5F1EE62309002E3710 /* Build configuration list for PBXProject "TestProject" */ = {
			isa = XCConfigurationList;
			buildConfigurations = (
				888D2A8A1EE62309002E3710 /* Debug */,
				888D2A8B1EE62309002E3710 /* Release */,
			);
			defaultConfigurationIsVisible = 0;
			defaultConfigurationName = Release;
		};
		888D2A8C1EE62309002E3710 /* Build configuration list for PBXNativeTarget "TestProject" */ = {
			isa = XCConfigurationList;
			buildConfigurations = (
				888D2A8D1EE62309002E3710 /* Debug */,
				888D2A8E1EE62309002E3710 /* Release */,
			);
			defaultConfigurationIsVisible = 0;
		};
		888D2A8F1EE62309002E3710 /* Build configuration list for PBXNativeTarget "TestProjectTests" */ = {
			isa = XCConfigurationList;
			buildConfigurations = (
				888D2A901EE62309002E3710 /* Debug */,
				888D2A911EE62309002E3710 /* Release */,
			);
			defaultConfigurationIsVisible = 0;
		};
		888D2A921EE62309002E3710 /* Build configuration list for PBXNativeTarget "TestProjectUITests" */ = {
			isa = XCConfigurationList;
			buildConfigurations = (
				888D2A931EE62309002E3710 /* Debug */,
				888D2A941EE62309002E3710 /* Release */,
			);
			defaultConfigurationIsVisible = 0;
		};
/* End XCConfigurationList section */
	};
	rootObject = 888D2A5C1EE62309002E3710 /* Project object */;
}
